
Microsoft Visual Studio Solution File, Format Version 12.00
# Visual Studio 15
VisualStudioVersion = 15.0.26730.16
MinimumVisualStudioVersion = 10.0.40219.1
Project("{FAE04EC0-301F-11D3-BF4B-00C04F79EFBC}") = "SecurionPay", "SecurionPay\SecurionPay.csproj", "{9318D796-2A9C-4313-9D14-9C5D3E215C31}"
EndProject
Project("{FAE04EC0-301F-11D3-BF4B-00C04F79EFBC}") = "SecurionPayTests", "SecurionPayTests\SecurionPayTests.csproj", "{3471913F-9197-430A-82C7-A6B6EB2E581C}"
EndProject
Global
	GlobalSection(SolutionConfigurationPlatforms) = preSolution
		Debug|Any CPU = Debug|Any CPU
		Release|Any CPU = Release|Any CPU
	EndGlobalSection
	GlobalSection(ProjectConfigurationPlatforms) = postSolution
		{9318D796-2A9C-4313-9D14-9C5D3E215C31}.Debug|Any CPU.ActiveCfg = Debug|Any CPU
		{9318D796-2A9C-4313-9D14-9C5D3E215C31}.Debug|Any CPU.Build.0 = Debug|Any CPU
		{9318D796-2A9C-4313-9D14-9C5D3E215C31}.Release|Any CPU.ActiveCfg = Release|Any CPU
		{9318D796-2A9C-4313-9D14-9C5D3E215C31}.Release|Any CPU.Build.0 = Release|Any CPU
		{3471913F-9197-430A-82C7-A6B6EB2E581C}.Debug|Any CPU.ActiveCfg = Debug|Any CPU
		{3471913F-9197-430A-82C7-A6B6EB2E581C}.Debug|Any CPU.Build.0 = Debug|Any CPU
		{3471913F-9197-430A-82C7-A6B6EB2E581C}.Release|Any CPU.ActiveCfg = Release|Any CPU
		{3471913F-9197-430A-82C7-A6B6EB2E581C}.Release|Any CPU.Build.0 = Release|Any CPU
	EndGlobalSection
	GlobalSection(SolutionProperties) = preSolution
		HideSolutionNode = FALSE
	EndGlobalSection
	GlobalSection(ExtensibilityGlobals) = postSolution
		SolutionGuid = {EE1B4A50-8BA6-4FC8-B6C0-898C81ECFF4E}
	EndGlobalSection
EndGlobal
